{
  "nodes": {
    "advisory-db": {
      "flake": false,
      "locked": {
        "lastModified": 1667670324,
        "narHash": "sha256-WI/r+gi8CFY00P5wScBCqWUQbcPLvho7SqBMqwkrPpo=",
        "owner": "rustsec",
        "repo": "advisory-db",
        "rev": "e3e689775499a6ce8179e7cb1ec887cc22bda180",
        "type": "github"
      },
      "original": {
        "owner": "rustsec",
        "repo": "advisory-db",
        "type": "github"
      }
    },
    "crane": {
      "inputs": {
        "flake-compat": "flake-compat",
        "flake-utils": [
          "flake-utils"
        ],
        "nixpkgs": [
          "nixpkgs"
        ],
        "rust-overlay": [
          "rust-overlay"
        ]
      },
      "locked": {
        "lastModified": 1667522439,
        "narHash": "sha256-1tDYoumL5337T4BkC87iRXbAfeyeeOXa5WAbeP/ENqQ=",
        "owner": "ipetkov",
        "repo": "crane",
        "rev": "b70e77d2e2d480a3a0bce3ecd2d981679588b23f",
        "type": "github"
      },
      "original": {
        "owner": "ipetkov",
        "repo": "crane",
        "type": "github"
      }
    },
    "flake-compat": {
      "flake": false,
      "locked": {
        "lastModified": 1650374568,
        "narHash": "sha256-Z+s0J8/r907g149rllvwhb4pKi8Wam5ij0st8PwAh+E=",
        "owner": "edolstra",
        "repo": "flake-compat",
        "rev": "b4a34015c698c7793d592d66adbab377907a2be8",
        "type": "github"
      },
      "original": {
        "owner": "edolstra",
        "repo": "flake-compat",
        "type": "github"
      }
    },
    "flake-utils": {
      "locked": {
        "lastModified": 1667395993,
        "narHash": "sha256-nuEHfE/LcWyuSWnS8t12N1wc105Qtau+/OdUAjtQ0rA=",
        "owner": "numtide",
        "repo": "flake-utils",
        "rev": "5aed5285a952e0b949eb3ba02c12fa4fcfef535f",
        "type": "github"
      },
      "original": {
        "owner": "numtide",
        "repo": "flake-utils",
        "type": "github"
      }
    },
    "nixpkgs": {
      "locked": {
        "lastModified": 1667639549,
        "narHash": "sha256-frqZKSG/933Ctwl9voSZnXDwo8CqddXcjQhnCzwNqaM=",
        "owner": "NixOS",
        "repo": "nixpkgs",
        "rev": "cae3751e9f74eea29c573d6c2f14523f41c2821a",
        "type": "github"
      },
      "original": {
        "owner": "NixOS",
        "ref": "nixpkgs-unstable",
        "repo": "nixpkgs",
        "type": "github"
      }
    },
    "root": {
      "inputs": {
        "advisory-db": "advisory-db",
        "crane": "crane",
        "flake-utils": "flake-utils",
        "nixpkgs": "nixpkgs",
        "rust-overlay": "rust-overlay"
      }
    },
    "rust-overlay": {
      "inputs": {
        "flake-utils": [
          "flake-utils"
        ],
        "nixpkgs": [
          "nixpkgs"
        ]
      },
      "locked": {
        "lastModified": 1667616267,
        "narHash": "sha256-EYzGCJaTNTSbUk5sa2i4/dn71YtE6uvZb9syL8GH1U0=",
        "owner": "oxalica",
        "repo": "rust-overlay",
        "rev": "a785c5db0ab1b10e6ba04b7240628aea9615e9ad",
        "type": "github"
      },
      "original": {
        "owner": "oxalica",
        "repo": "rust-overlay",
        "type": "github"
      }
    }
  },
  "root": "root",
  "version": 7
}
