{
  "nodes": {
    "fenix": {
      "inputs": {
        "nixpkgs": [
          "nixpkgs"
        ],
        "rust-analyzer-src": "rust-analyzer-src"
      },
      "locked": {
        "lastModified": 1666507047,
        "narHash": "sha256-MuKRWeFVZAcMpdZHhafqAyFCDP7ieGZboCQio6D0Bxg=",
        "owner": "nix-community",
        "repo": "fenix",
        "rev": "3d2b82cbc92be934043f778f11a309e6a28faf15",
        "type": "github"
      },
      "original": {
        "owner": "nix-community",
        "repo": "fenix",
        "type": "github"
      }
    },
    "flake-utils": {
      "locked": {
        "lastModified": 1659877975,
        "narHash": "sha256-zllb8aq3YO3h8B/U0/J1WBgAL8EX5yWf5pMj3G0NAmc=",
        "owner": "numtide",
        "repo": "flake-utils",
        "rev": "c0e246b9b83f637f4681389ecabcb2681b4f3af0",
        "type": "github"
      },
      "original": {
        "owner": "numtide",
        "repo": "flake-utils",
        "type": "github"
      }
    },
    "naersk": {
      "inputs": {
        "nixpkgs": [
          "nixpkgs"
        ]
      },
      "locked": {
        "lastModified": 1662220400,
        "narHash": "sha256-9o2OGQqu4xyLZP9K6kNe1pTHnyPz0Wr3raGYnr9AIgY=",
        "owner": "nix-community",
        "repo": "naersk",
        "rev": "6944160c19cb591eb85bbf9b2f2768a935623ed3",
        "type": "github"
      },
      "original": {
        "owner": "nix-community",
        "repo": "naersk",
        "type": "github"
      }
    },
    "nixpkgs": {
      "locked": {
        "lastModified": 1666545576,
        "narHash": "sha256-R761UPjsV8remvX1iRZ3kcjieQfmZ/vuy6x1NaPh7lc=",
        "owner": "NixOS",
        "repo": "nixpkgs",
        "rev": "c75872637be9f4e89322b9754563b93533b7e407",
        "type": "github"
      },
      "original": {
        "owner": "NixOS",
        "ref": "nixpkgs-unstable",
        "repo": "nixpkgs",
        "type": "github"
      }
    },
    "pre-commit-hooks": {
      "inputs": {
        "flake-utils": [
          "flake-utils"
        ],
        "nixpkgs": [
          "nixpkgs"
        ]
      },
      "locked": {
        "lastModified": 1666160137,
        "narHash": "sha256-8bQu+6poMzUyS2n3C1v3hkO6ZhRzj8Pf3CDCNckqQE4=",
        "owner": "cachix",
        "repo": "pre-commit-hooks.nix",
        "rev": "e6c8efee1c108bb27522b9fd25b1cd0eb3288681",
        "type": "github"
      },
      "original": {
        "owner": "cachix",
        "repo": "pre-commit-hooks.nix",
        "type": "github"
      }
    },
    "root": {
      "inputs": {
        "fenix": "fenix",
        "flake-utils": "flake-utils",
        "naersk": "naersk",
        "nixpkgs": "nixpkgs",
        "pre-commit-hooks": "pre-commit-hooks"
      }
    },
    "rust-analyzer-src": {
      "flake": false,
      "locked": {
        "lastModified": 1666475524,
        "narHash": "sha256-oPoXeDUF29SbdNqGFrV2sQkJuK9AnmLCwiSsVjW6Pko=",
        "owner": "rust-lang",
        "repo": "rust-analyzer",
        "rev": "b25f65739afe7b89cf9fdfdda52adef256bb0159",
        "type": "github"
      },
      "original": {
        "owner": "rust-lang",
        "ref": "nightly",
        "repo": "rust-analyzer",
        "type": "github"
      }
    }
  },
  "root": "root",
  "version": 7
}
